// !$*UTF8*$!
{
	archiveVersion = 1;
	classes = {
	};
	objectVersion = 46;
	objects = {

/* Begin PBXBuildFile section */
		E6D18C381F20988E00432F35 /* main.m in Sources */ = {isa = PBXBuildFile; fileRef = E6D18C371F20988E00432F35 /* main.m */; };
		E6D18C3B1F20988E00432F35 /* AppDelegate.m in Sources */ = {isa = PBXBuildFile; fileRef = E6D18C3A1F20988E00432F35 /* AppDelegate.m */; };
		E6D18C3E1F20988E00432F35 /* ViewController.m in Sources */ = {isa = PBXBuildFile; fileRef = E6D18C3D1F20988E00432F35 /* ViewController.m */; };
		E6D18C411F20988E00432F35 /* Main.storyboard in Resources */ = {isa = PBXBuildFile; fileRef = E6D18C3F1F20988E00432F35 /* Main.storyboard */; };
		E6D18C431F20988E00432F35 /* Assets.xcassets in Resources */ = {isa = PBXBuildFile; fileRef = E6D18C421F20988E00432F35 /* Assets.xcassets */; };
		E6D18C461F20988E00432F35 /* LaunchScreen.storyboard in Resources */ = {isa = PBXBuildFile; fileRef = E6D18C441F20988E00432F35 /* LaunchScreen.storyboard */; };
		E6D18C511F2098CC00432F35 /* Node.m in Sources */ = {isa = PBXBuildFile; fileRef = E6D18C501F2098CC00432F35 /* Node.m */; };
		E6D18C571F209A0800432F35 /* HeliosTreeTableView.m in Sources */ = {isa = PBXBuildFile; fileRef = E6D18C561F209A0800432F35 /* HeliosTreeTableView.m */; };
/* End PBXBuildFile section */

/* Begin PBXFileReference section */
		E6D18C331F20988E00432F35 /* HeliosTreeTableView.app */ = {isa = PBXFileReference; explicitFileType = wrapper.application; includeInIndex = 0; path = HeliosTreeTableView.app; sourceTree = BUILT_PRODUCTS_DIR; };
		E6D18C371F20988E00432F35 /* main.m */ = {isa = PBXFileReference; lastKnownFileType = sourcecode.c.objc; path = main.m; sourceTree = "<group>"; };
		E6D18C391F20988E00432F35 /* AppDelegate.h */ = {isa = PBXFileReference; lastKnownFileType = sourcecode.c.h; path = AppDelegate.h; sourceTree = "<group>"; };
		E6D18C3A1F20988E00432F35 /* AppDelegate.m */ = {isa = PBXFileReference; lastKnownFileType = sourcecode.c.objc; path = AppDelegate.m; sourceTree = "<group>"; };
		E6D18C3C1F20988E00432F35 /* ViewController.h */ = {isa = PBXFileReference; lastKnownFileType = sourcecode.c.h; path = ViewController.h; sourceTree = "<group>"; };
		E6D18C3D1F20988E00432F35 /* ViewController.m */ = {isa = PBXFileReference; lastKnownFileType = sourcecode.c.objc; path = ViewController.m; sourceTree = "<group>"; };
		E6D18C401F20988E00432F35 /* Base */ = {isa = PBXFileReference; lastKnownFileType = file.storyboard; name = Base; path = Base.lproj/Main.storyboard; sourceTree = "<group>"; };
		E6D18C421F20988E00432F35 /* Assets.xcassets */ = {isa = PBXFileReference; lastKnownFileType = folder.assetcatalog; path = Assets.xcassets; sourceTree = "<group>"; };
		E6D18C451F20988E00432F35 /* Base */ = {isa = PBXFileReference; lastKnownFileType = file.storyboard; name = Base; path = Base.lproj/LaunchScreen.storyboard; sourceTree = "<group>"; };
		E6D18C471F20988E00432F35 /* Info.plist */ = {isa = PBXFileReference; lastKnownFileType = text.plist.xml; path = Info.plist; sourceTree = "<group>"; };
		E6D18C4F1F2098CC00432F35 /* Node.h */ = {isa = PBXFileReference; fileEncoding = 4; lastKnownFileType = sourcecode.c.h; path = Node.h; sourceTree = "<group>"; };
		E6D18C501F2098CC00432F35 /* Node.m */ = {isa = PBXFileReference; fileEncoding = 4; lastKnownFileType = sourcecode.c.objc; path = Node.m; sourceTree = "<group>"; };
		E6D18C551F209A0800432F35 /* HeliosTreeTableView.h */ = {isa = PBXFileReference; fileEncoding = 4; lastKnownFileType = sourcecode.c.h; path = HeliosTreeTableView.h; sourceTree = "<group>"; };
		E6D18C561F209A0800432F35 /* HeliosTreeTableView.m */ = {isa = PBXFileReference; fileEncoding = 4; lastKnownFileType = sourcecode.c.objc; path = HeliosTreeTableView.m; sourceTree = "<group>"; };
/* End PBXFileReference section */

/* Begin PBXFrameworksBuildPhase section */
		E6D18C301F20988E00432F35 /* Frameworks */ = {
			isa = PBXFrameworksBuildPhase;
			buildActionMask = 2147483647;
			files = (
			);
			runOnlyForDeploymentPostprocessing = 0;
		};
/* End PBXFrameworksBuildPhase section */

/* Begin PBXGroup section */
		E6D18C2A1F20988E00432F35 = {
			isa = PBXGroup;
			children = (
				E6D18C351F20988E00432F35 /* HeliosTreeTableView */,
				E6D18C341F20988E00432F35 /* Products */,
			);
			sourceTree = "<group>";
		};
		E6D18C341F20988E00432F35 /* Products */ = {
			isa = PBXGroup;
			children = (
				E6D18C331F20988E00432F35 /* HeliosTreeTableView.app */,
			);
			name = Products;
			sourceTree = "<group>";
		};
		E6D18C351F20988E00432F35 /* HeliosTreeTableView */ = {
			isa = PBXGroup;
			children = (
				E6D18C4D1F2098BE00432F35 /* Model */,
				E6D18C4E1F2098BE00432F35 /* View */,
				E6D18C391F20988E00432F35 /* AppDelegate.h */,
				E6D18C3A1F20988E00432F35 /* AppDelegate.m */,
				E6D18C3C1F20988E00432F35 /* ViewController.h */,
				E6D18C3D1F20988E00432F35 /* ViewController.m */,
				E6D18C3F1F20988E00432F35 /* Main.storyboard */,
				E6D18C421F20988E00432F35 /* Assets.xcassets */,
				E6D18C441F20988E00432F35 /* LaunchScreen.storyboard */,
				E6D18C471F20988E00432F35 /* Info.plist */,
				E6D18C361F20988E00432F35 /* Supporting Files */,
			);
			path = HeliosTreeTableView;
			sourceTree = "<group>";
		};
		E6D18C361F20988E00432F35 /* Supporting Files */ = {
			isa = PBXGroup;
			children = (
				E6D18C371F20988E00432F35 /* main.m */,
			);
			name = "Supporting Files";
			sourceTree = "<group>";
		};
		E6D18C4D1F2098BE00432F35 /* Model */ = {
			isa = PBXGroup;
			children = (
				E6D18C4F1F2098CC00432F35 /* Node.h */,
				E6D18C501F2098CC00432F35 /* Node.m */,
			);
			path = Model;
			sourceTree = "<group>";
		};
		E6D18C4E1F2098BE00432F35 /* View */ = {
			isa = PBXGroup;
			children = (
				E6D18C551F209A0800432F35 /* HeliosTreeTableView.h */,
				E6D18C561F209A0800432F35 /* HeliosTreeTableView.m */,
			);
			path = View;
			sourceTree = "<group>";
		};
/* End PBXGroup section */

/* Begin PBXNativeTarget section */
		E6D18C321F20988E00432F35 /* HeliosTreeTableView */ = {
			isa = PBXNativeTarget;
			buildConfigurationList = E6D18C4A1F20988E00432F35 /* Build configuration list for PBXNativeTarget "HeliosTreeTableView" */;
			buildPhases = (
				E6D18C2F1F20988E00432F35 /* Sources */,
				E6D18C301F20988E00432F35 /* Frameworks */,
				E6D18C311F20988E00432F35 /* Resources */,
			);
			buildRules = (
			);
			dependencies = (
			);
			name = HeliosTreeTableView;
			productName = HeliosTreeTableView;
			productReference = E6D18C331F20988E00432F35 /* HeliosTreeTableView.app */;
			productType = "com.apple.product-type.application";
		};
/* End PBXNativeTarget section */

/* Begin PBXProject section */
		E6D18C2B1F20988E00432F35 /* Project object */ = {
			isa = PBXProject;
			attributes = {
				LastUpgradeCheck = 0830;
				ORGANIZATIONNAME = "beyo-zhaoyf";
				TargetAttributes = {
					E6D18C321F20988E00432F35 = {
						CreatedOnToolsVersion = 8.3.3;
						ProvisioningStyle = Automatic;
					};
				};
			};
			buildConfigurationList = E6D18C2E1F20988E00432F35 /* Build configuration list for PBXProject "HeliosTreeTableView" */;
			compatibilityVersion = "Xcode 3.2";
			developmentRegion = English;
			hasScannedForEncodings = 0;
			knownRegions = (
				en,
				Base,
			);
			mainGroup = E6D18C2A1F20988E00432F35;
			productRefGroup = E6D18C341F20988E00432F35 /* Products */;
			projectDirPath = "";
			projectRoot = "";
			targets = (
				E6D18C321F20988E00432F35 /* HeliosTreeTableView */,
			);
		};
/* End PBXProject section */

/* Begin PBXResourcesBuildPhase section */
		E6D18C311F20988E00432F35 /* Resources */ = {
			isa = PBXResourcesBuildPhase;
			buildActionMask = 2147483647;
			files = (
				E6D18C461F20988E00432F35 /* LaunchScreen.storyboard in Resources */,
				E6D18C431F20988E00432F35 /* Assets.xcassets in Resources */,
				E6D18C411F20988E00432F35 /* Main.storyboard in Resources */,
			);
			runOnlyForDeploymentPostprocessing = 0;
		};
/* End PBXResourcesBuildPhase section */

/* Begin PBXSourcesBuildPhase section */
		E6D18C2F1F20988E00432F35 /* Sources */ = {
			isa = PBXSourcesBuildPhase;
			buildActionMask = 2147483647;
			files = (
				E6D18C3E1F20988E00432F35 /* ViewController.m in Sources */,
				E6D18C3B1F20988E00432F35 /* AppDelegate.m in Sources */,
				E6D18C571F209A0800432F35 /* HeliosTreeTableView.m in Sources */,
				E6D18C381F20988E00432F35 /* main.m in Sources */,
				E6D18C511F2098CC00432F35 /* Node.m in Sources */,
			);
			runOnlyForDeploymentPostprocessing = 0;
		};
/* End PBXSourcesBuildPhase section */

/* Begin PBXVariantGroup section */
		E6D18C3F1F20988E00432F35 /* Main.storyboard */ = {
			isa = PBXVariantGroup;
			children = (
				E6D18C401F20988E00432F35 /* Base */,
			);
			name = Main.storyboard;
			sourceTree = "<group>";
		};
		E6D18C441F20988E00432F35 /* LaunchScreen.storyboard */ = {
			isa = PBXVariantGroup;
			children = (
				E6D18C451F20988E00432F35 /* Base */,
			);
			name = LaunchScreen.storyboard;
			sourceTree = "<group>";
		};
/* End PBXVariantGroup section */

/* Begin XCBuildConfiguration section */
		E6D18C481F20988E00432F35 /* Debug */ = {
			isa = XCBuildConfiguration;
			buildSettings = {
				ALWAYS_SEARCH_USER_PATHS = NO;
				CLANG_ANALYZER_NONNULL = YES;
				CLANG_ANALYZER_NUMBER_OBJECT_CONVERSION = YES_AGGRESSIVE;
				CLANG_CXX_LANGUAGE_STANDARD = "gnu++0x";
				CLANG_CXX_LIBRARY = "libc++";
				CLANG_ENABLE_MODULES = YES;
				CLANG_ENABLE_OBJC_ARC = YES;
				CLANG_WARN_BOOL_CONVERSION = YES;
				CLANG_WARN_CONSTANT_CONVERSION = YES;
				CLANG_WARN_DIRECT_OBJC_ISA_USAGE = YES_ERROR;
				CLANG_WARN_DOCUMENTATION_COMMENTS = YES;
				CLANG_WARN_EMPTY_BODY = YES;
				CLANG_WARN_ENUM_CONVERSION = YES;
				CLANG_WARN_INFINITE_RECURSION = YES;
				CLANG_WARN_INT_CONVERSION = YES;
				CLANG_WARN_OBJC_ROOT_CLASS = YES_ERROR;
				CLANG_WARN_SUSPICIOUS_MOVE = YES;
				CLANG_WARN_UNREACHABLE_CODE = YES;
				CLANG_WARN__DUPLICATE_METHOD_MATCH = YES;
				"CODE_SIGN_IDENTITY[sdk=iphoneos*]" = "iPhone Developer";
				COPY_PHASE_STRIP = NO;
				DEBUG_INFORMATION_FORMAT = dwarf;
				ENABLE_STRICT_OBJC_MSGSEND = YES;
				ENABLE_TESTABILITY = YES;
				GCC_C_LANGUAGE_STANDARD = gnu99;
				GCC_DYNAMIC_NO_PIC = NO;
				GCC_NO_COMMON_BLOCKS = YES;
				GCC_OPTIMIZATION_LEVEL = 0;
				GCC_PREPROCESSOR_DEFINITIONS = (
					"DEBUG=1",
					"$(inherited)",
				);
				GCC_WARN_64_TO_32_BIT_CONVERSION = YES;
				GCC_WARN_ABOUT_RETURN_TYPE = YES_ERROR;
				GCC_WARN_UNDECLARED_SELECTOR = YES;
				GCC_WARN_UNINITIALIZED_AUTOS = YES_AGGRESSIVE;
				GCC_WARN_UNUSED_FUNCTION = YES;
				GCC_WARN_UNUSED_VARIABLE = YES;
				IPHONEOS_DEPLOYMENT_TARGET = 10.3;
				MTL_ENABLE_DEBUG_INFO = YES;
				ONLY_ACTIVE_ARCH = YES;
				SDKROOT = iphoneos;
			};
			name = Debug;
		};
		E6D18C491F20988E00432F35 /* Release */ = {
			isa = XCBuildConfiguration;
			buildSettings = {
				ALWAYS_SEARCH_USER_PATHS = NO;
				CLANG_ANALYZER_NONNULL = YES;
				CLANG_ANALYZER_NUMBER_OBJECT_CONVERSION = YES_AGGRESSIVE;
				CLANG_CXX_LANGUAGE_STANDARD = "gnu++0x";
				CLANG_CXX_LIBRARY = "libc++";
				CLANG_ENABLE_MODULES = YES;
				CLANG_ENABLE_OBJC_ARC = YES;
				CLANG_WARN_BOOL_CONVERSION = YES;
				CLANG_WARN_CONSTANT_CONVERSION = YES;
				CLANG_WARN_DIRECT_OBJC_ISA_USAGE = YES_ERROR;
				CLANG_WARN_DOCUMENTATION_COMMENTS = YES;
				CLANG_WARN_EMPTY_BODY = YES;
				CLANG_WARN_ENUM_CONVERSION = YES;
				CLANG_WARN_INFINITE_RECURSION = YES;
				CLANG_WARN_INT_CONVERSION = YES;
				CLANG_WARN_OBJC_ROOT_CLASS = YES_ERROR;
				CLANG_WARN_SUSPICIOUS_MOVE = YES;
				CLANG_WARN_UNREACHABLE_CODE = YES;
				CLANG_WARN__DUPLICATE_METHOD_MATCH = YES;
				"CODE_SIGN_IDENTITY[sdk=iphoneos*]" = "iPhone Developer";
				COPY_PHASE_STRIP = NO;
				DEBUG_INFORMATION_FORMAT = "dwarf-with-dsym";
				ENABLE_NS_ASSERTIONS = NO;
				ENABLE_STRICT_OBJC_MSGSEND = YES;
				GCC_C_LANGUAGE_STANDARD = gnu99;
				GCC_NO_COMMON_BLOCKS = YES;
				GCC_WARN_64_TO_32_BIT_CONVERSION = YES;
				GCC_WARN_ABOUT_RETURN_TYPE = YES_ERROR;
				GCC_WARN_UNDECLARED_SELECTOR = YES;
				GCC_WARN_UNINITIALIZED_AUTOS = YES_AGGRESSIVE;
				GCC_WARN_UNUSED_FUNCTION = YES;
				GCC_WARN_UNUSED_VARIABLE = YES;
				IPHONEOS_DEPLOYMENT_TARGET = 10.3;
				MTL_ENABLE_DEBUG_INFO = NO;
				SDKROOT = iphoneos;
				VALIDATE_PRODUCT = YES;
			};
			name = Release;
		};
		E6D18C4B1F20988E00432F35 /* Debug */ = {
			isa = XCBuildConfiguration;
			buildSettings = {
				ASSETCATALOG_COMPILER_APPICON_NAME = AppIcon;
				INFOPLIST_FILE = HeliosTreeTableView/Info.plist;
				IPHONEOS_DEPLOYMENT_TARGET = 8.0;
				LD_RUNPATH_SEARCH_PATHS = "$(inherited) @executable_path/Frameworks";
				PRODUCT_BUNDLE_IDENTIFIER = com.baidu.www.HeliosTreeTableView;
				PRODUCT_NAME = "$(TARGET_NAME)";
			};
			name = Debug;
		};
		E6D18C4C1F20988E00432F35 /* Release */ = {
			isa = XCBuildConfiguration;
			buildSettings = {
				ASSETCATALOG_COMPILER_APPICON_NAME = AppIcon;
				INFOPLIST_FILE = HeliosTreeTableView/Info.plist;
				IPHONEOS_DEPLOYMENT_TARGET = 8.0;
				LD_RUNPATH_SEARCH_PATHS = "$(inherited) @executable_path/Frameworks";
				PRODUCT_BUNDLE_IDENTIFIER = com.baidu.www.HeliosTreeTableView;
				PRODUCT_NAME = "$(TARGET_NAME)";
			};
			name = Release;
		};
/* End XCBuildConfiguration section */

/* Begin XCConfigurationList section */
		E6D18C2E1F20988E00432F35 /* Build configuration list for PBXProject "HeliosTreeTableView" */ = {
			isa = XCConfigurationList;
			buildConfigurations = (
				E6D18C481F20988E00432F35 /* Debug */,
				E6D18C491F20988E00432F35 /* Release */,
			);
			defaultConfigurationIsVisible = 0;
			defaultConfigurationName = Release;
		};
		E6D18C4A1F20988E00432F35 /* Build configuration list for PBXNativeTarget "HeliosTreeTableView" */ = {
			isa = XCConfigurationList;
			buildConfigurations = (
				E6D18C4B1F20988E00432F35 /* Debug */,
				E6D18C4C1F20988E00432F35 /* Release */,
			);
			defaultConfigurationIsVisible = 0;
		};
/* End XCConfigurationList section */
	};
	rootObject = E6D18C2B1F20988E00432F35 /* Project object */;
}
